// !$*UTF8*$!
{
	archiveVersion = 1;
	classes = {
	};
	objectVersion = 50;
	objects = {

/* Begin PBXBuildFile section */
		62EB13345DDE237F443DDC88 /* Pods_ImpulseProgrammingChallenge.framework in Frameworks */ = {isa = PBXBuildFile; fileRef = 4E3AA119E4C7187FDF36FB55 /* Pods_ImpulseProgrammingChallenge.framework */; };
		692B203A207DDB1400DC76E5 /* AppDelegate.swift in Sources */ = {isa = PBXBuildFile; fileRef = 692B2039207DDB1400DC76E5 /* AppDelegate.swift */; };
		692B203C207DDB1400DC76E5 /* ViewController.swift in Sources */ = {isa = PBXBuildFile; fileRef = 692B203B207DDB1400DC76E5 /* ViewController.swift */; };
		692B203F207DDB1400DC76E5 /* Main.storyboard in Resources */ = {isa = PBXBuildFile; fileRef = 692B203D207DDB1400DC76E5 /* Main.storyboard */; };
		692B2041207DDB1500DC76E5 /* Assets.xcassets in Resources */ = {isa = PBXBuildFile; fileRef = 692B2040207DDB1500DC76E5 /* Assets.xcassets */; };
		692B2044207DDB1500DC76E5 /* LaunchScreen.storyboard in Resources */ = {isa = PBXBuildFile; fileRef = 692B2042207DDB1500DC76E5 /* LaunchScreen.storyboard */; };
		692B206A207DDB6E00DC76E5 /* SF-Pro-Display-Black.otf in Resources */ = {isa = PBXBuildFile; fileRef = 692B2066207DDB5300DC76E5 /* SF-Pro-Display-Black.otf */; };
		692B206B207DDB6E00DC76E5 /* SF-Pro-Display-BlackItalic.otf in Resources */ = {isa = PBXBuildFile; fileRef = 692B205C207DDB5100DC76E5 /* SF-Pro-Display-BlackItalic.otf */; };
		692B206C207DDB6E00DC76E5 /* SF-Pro-Display-Bold.otf in Resources */ = {isa = PBXBuildFile; fileRef = 692B2052207DDB5000DC76E5 /* SF-Pro-Display-Bold.otf */; };
		692B206D207DDB6E00DC76E5 /* SF-Pro-Display-BoldItalic.otf in Resources */ = {isa = PBXBuildFile; fileRef = 692B2054207DDB5000DC76E5 /* SF-Pro-Display-BoldItalic.otf */; };
		692B206E207DDB6E00DC76E5 /* SF-Pro-Display-Heavy.otf in Resources */ = {isa = PBXBuildFile; fileRef = 692B2061207DDB5200DC76E5 /* SF-Pro-Display-Heavy.otf */; };
		692B206F207DDB6E00DC76E5 /* SF-Pro-Display-HeavyItalic.otf in Resources */ = {isa = PBXBuildFile; fileRef = 692B204C207DDB4F00DC76E5 /* SF-Pro-Display-HeavyItalic.otf */; };
		692B2070207DDB6E00DC76E5 /* SF-Pro-Display-Light.otf in Resources */ = {isa = PBXBuildFile; fileRef = 692B2063207DDB5300DC76E5 /* SF-Pro-Display-Light.otf */; };
		692B2071207DDB6E00DC76E5 /* SF-Pro-Display-LightItalic.otf in Resources */ = {isa = PBXBuildFile; fileRef = 692B2051207DDB5000DC76E5 /* SF-Pro-Display-LightItalic.otf */; };
		692B2072207DDB6E00DC76E5 /* SF-Pro-Display-Medium.otf in Resources */ = {isa = PBXBuildFile; fileRef = 692B2062207DDB5200DC76E5 /* SF-Pro-Display-Medium.otf */; };
		692B2073207DDB6E00DC76E5 /* SF-Pro-Display-MediumItalic.otf in Resources */ = {isa = PBXBuildFile; fileRef = 692B2064207DDB5300DC76E5 /* SF-Pro-Display-MediumItalic.otf */; };
		692B2074207DDB6E00DC76E5 /* SF-Pro-Display-Regular.otf in Resources */ = {isa = PBXBuildFile; fileRef = 692B2068207DDB5300DC76E5 /* SF-Pro-Display-Regular.otf */; };
		692B2075207DDB6E00DC76E5 /* SF-Pro-Display-RegularItalic.otf in Resources */ = {isa = PBXBuildFile; fileRef = 692B2058207DDB5100DC76E5 /* SF-Pro-Display-RegularItalic.otf */; };
		692B2076207DDB6E00DC76E5 /* SF-Pro-Display-Semibold.otf in Resources */ = {isa = PBXBuildFile; fileRef = 692B205E207DDB5200DC76E5 /* SF-Pro-Display-Semibold.otf */; };
		692B2077207DDB6E00DC76E5 /* SF-Pro-Display-SemiboldItalic.otf in Resources */ = {isa = PBXBuildFile; fileRef = 692B2060207DDB5200DC76E5 /* SF-Pro-Display-SemiboldItalic.otf */; };
		692B2078207DDB6E00DC76E5 /* SF-Pro-Display-Thin.otf in Resources */ = {isa = PBXBuildFile; fileRef = 692B2055207DDB5000DC76E5 /* SF-Pro-Display-Thin.otf */; };
		692B2079207DDB6E00DC76E5 /* SF-Pro-Display-ThinItalic.otf in Resources */ = {isa = PBXBuildFile; fileRef = 692B205D207DDB5100DC76E5 /* SF-Pro-Display-ThinItalic.otf */; };
		692B207A207DDB6E00DC76E5 /* SF-Pro-Display-Ultralight.otf in Resources */ = {isa = PBXBuildFile; fileRef = 692B205F207DDB5200DC76E5 /* SF-Pro-Display-Ultralight.otf */; };
		692B207B207DDB6E00DC76E5 /* SF-Pro-Display-UltralightItalic.otf in Resources */ = {isa = PBXBuildFile; fileRef = 692B2067207DDB5300DC76E5 /* SF-Pro-Display-UltralightItalic.otf */; };
		692B207C207DDB6E00DC76E5 /* SF-Pro-Text-Bold.otf in Resources */ = {isa = PBXBuildFile; fileRef = 692B204B207DDB4F00DC76E5 /* SF-Pro-Text-Bold.otf */; };
		692B207D207DDB6E00DC76E5 /* SF-Pro-Text-BoldItalic.otf in Resources */ = {isa = PBXBuildFile; fileRef = 692B2053207DDB5000DC76E5 /* SF-Pro-Text-BoldItalic.otf */; };
		692B207E207DDB6E00DC76E5 /* SF-Pro-Text-Heavy.otf in Resources */ = {isa = PBXBuildFile; fileRef = 692B204E207DDB4F00DC76E5 /* SF-Pro-Text-Heavy.otf */; };
		692B207F207DDB6E00DC76E5 /* SF-Pro-Text-HeavyItalic.otf in Resources */ = {isa = PBXBuildFile; fileRef = 692B2056207DDB5000DC76E5 /* SF-Pro-Text-HeavyItalic.otf */; };
		692B2080207DDB6E00DC76E5 /* SF-Pro-Text-Light.otf in Resources */ = {isa = PBXBuildFile; fileRef = 692B2065207DDB5300DC76E5 /* SF-Pro-Text-Light.otf */; };
		692B2081207DDB6E00DC76E5 /* SF-Pro-Text-LightItalic.otf in Resources */ = {isa = PBXBuildFile; fileRef = 692B2057207DDB5100DC76E5 /* SF-Pro-Text-LightItalic.otf */; };
		692B2082207DDB6E00DC76E5 /* SF-Pro-Text-Medium.otf in Resources */ = {isa = PBXBuildFile; fileRef = 692B204D207DDB4F00DC76E5 /* SF-Pro-Text-Medium.otf */; };
		692B2083207DDB6E00DC76E5 /* SF-Pro-Text-MediumItalic.otf in Resources */ = {isa = PBXBuildFile; fileRef = 692B205A207DDB5100DC76E5 /* SF-Pro-Text-MediumItalic.otf */; };
		692B2084207DDB6E00DC76E5 /* SF-Pro-Text-Regular.otf in Resources */ = {isa = PBXBuildFile; fileRef = 692B2059207DDB5100DC76E5 /* SF-Pro-Text-Regular.otf */; };
		692B2085207DDB6E00DC76E5 /* SF-Pro-Text-RegularItalic.otf in Resources */ = {isa = PBXBuildFile; fileRef = 692B205B207DDB5100DC76E5 /* SF-Pro-Text-RegularItalic.otf */; };
		692B2086207DDB6E00DC76E5 /* SF-Pro-Text-Semibold.otf in Resources */ = {isa = PBXBuildFile; fileRef = 692B204F207DDB4F00DC76E5 /* SF-Pro-Text-Semibold.otf */; };
		692B2087207DDB6E00DC76E5 /* SF-Pro-Text-SemiboldItalic.otf in Resources */ = {isa = PBXBuildFile; fileRef = 692B2050207DDB4F00DC76E5 /* SF-Pro-Text-SemiboldItalic.otf */; };
		697A73BA208C1FC300A381E5 /* PopUpViewController.swift in Sources */ = {isa = PBXBuildFile; fileRef = 697A73B9208C1FC300A381E5 /* PopUpViewController.swift */; };
		69EA39292089678800D35764 /* SearchViewController.swift in Sources */ = {isa = PBXBuildFile; fileRef = 69EA39282089678800D35764 /* SearchViewController.swift */; };
/* End PBXBuildFile section */

/* Begin PBXFileReference section */
		4E3AA119E4C7187FDF36FB55 /* Pods_ImpulseProgrammingChallenge.framework */ = {isa = PBXFileReference; explicitFileType = wrapper.framework; includeInIndex = 0; path = Pods_ImpulseProgrammingChallenge.framework; sourceTree = BUILT_PRODUCTS_DIR; };
		692B2036207DDB1400DC76E5 /* ImpulseProgrammingChallenge.app */ = {isa = PBXFileReference; explicitFileType = wrapper.application; includeInIndex = 0; path = ImpulseProgrammingChallenge.app; sourceTree = BUILT_PRODUCTS_DIR; };
		692B2039207DDB1400DC76E5 /* AppDelegate.swift */ = {isa = PBXFileReference; lastKnownFileType = sourcecode.swift; path = AppDelegate.swift; sourceTree = "<group>"; };
		692B203B207DDB1400DC76E5 /* ViewController.swift */ = {isa = PBXFileReference; lastKnownFileType = sourcecode.swift; path = ViewController.swift; sourceTree = "<group>"; };
		692B203E207DDB1400DC76E5 /* Base */ = {isa = PBXFileReference; lastKnownFileType = file.storyboard; name = Base; path = Base.lproj/Main.storyboard; sourceTree = "<group>"; };
		692B2040207DDB1500DC76E5 /* Assets.xcassets */ = {isa = PBXFileReference; lastKnownFileType = folder.assetcatalog; path = Assets.xcassets; sourceTree = "<group>"; };
		692B2043207DDB1500DC76E5 /* Base */ = {isa = PBXFileReference; lastKnownFileType = file.storyboard; name = Base; path = Base.lproj/LaunchScreen.storyboard; sourceTree = "<group>"; };
		692B2045207DDB1500DC76E5 /* Info.plist */ = {isa = PBXFileReference; lastKnownFileType = text.plist.xml; path = Info.plist; sourceTree = "<group>"; };
		692B204B207DDB4F00DC76E5 /* SF-Pro-Text-Bold.otf */ = {isa = PBXFileReference; lastKnownFileType = file; path = "SF-Pro-Text-Bold.otf"; sourceTree = "<group>"; };
		692B204C207DDB4F00DC76E5 /* SF-Pro-Display-HeavyItalic.otf */ = {isa = PBXFileReference; lastKnownFileType = file; path = "SF-Pro-Display-HeavyItalic.otf"; sourceTree = "<group>"; };
		692B204D207DDB4F00DC76E5 /* SF-Pro-Text-Medium.otf */ = {isa = PBXFileReference; lastKnownFileType = file; path = "SF-Pro-Text-Medium.otf"; sourceTree = "<group>"; };
		692B204E207DDB4F00DC76E5 /* SF-Pro-Text-Heavy.otf */ = {isa = PBXFileReference; lastKnownFileType = file; path = "SF-Pro-Text-Heavy.otf"; sourceTree = "<group>"; };
		692B204F207DDB4F00DC76E5 /* SF-Pro-Text-Semibold.otf */ = {isa = PBXFileReference; lastKnownFileType = file; path = "SF-Pro-Text-Semibold.otf"; sourceTree = "<group>"; };
		692B2050207DDB4F00DC76E5 /* SF-Pro-Text-SemiboldItalic.otf */ = {isa = PBXFileReference; lastKnownFileType = file; path = "SF-Pro-Text-SemiboldItalic.otf"; sourceTree = "<group>"; };
		692B2051207DDB5000DC76E5 /* SF-Pro-Display-LightItalic.otf */ = {isa = PBXFileReference; lastKnownFileType = file; path = "SF-Pro-Display-LightItalic.otf"; sourceTree = "<group>"; };
		692B2052207DDB5000DC76E5 /* SF-Pro-Display-Bold.otf */ = {isa = PBXFileReference; lastKnownFileType = file; path = "SF-Pro-Display-Bold.otf"; sourceTree = "<group>"; };
		692B2053207DDB5000DC76E5 /* SF-Pro-Text-BoldItalic.otf */ = {isa = PBXFileReference; lastKnownFileType = file; path = "SF-Pro-Text-BoldItalic.otf"; sourceTree = "<group>"; };
		692B2054207DDB5000DC76E5 /* SF-Pro-Display-BoldItalic.otf */ = {isa = PBXFileReference; lastKnownFileType = file; path = "SF-Pro-Display-BoldItalic.otf"; sourceTree = "<group>"; };
		692B2055207DDB5000DC76E5 /* SF-Pro-Display-Thin.otf */ = {isa = PBXFileReference; lastKnownFileType = file; path = "SF-Pro-Display-Thin.otf"; sourceTree = "<group>"; };
		692B2056207DDB5000DC76E5 /* SF-Pro-Text-HeavyItalic.otf */ = {isa = PBXFileReference; lastKnownFileType = file; path = "SF-Pro-Text-HeavyItalic.otf"; sourceTree = "<group>"; };
		692B2057207DDB5100DC76E5 /* SF-Pro-Text-LightItalic.otf */ = {isa = PBXFileReference; lastKnownFileType = file; path = "SF-Pro-Text-LightItalic.otf"; sourceTree = "<group>"; };
		692B2058207DDB5100DC76E5 /* SF-Pro-Display-RegularItalic.otf */ = {isa = PBXFileReference; lastKnownFileType = file; path = "SF-Pro-Display-RegularItalic.otf"; sourceTree = "<group>"; };
		692B2059207DDB5100DC76E5 /* SF-Pro-Text-Regular.otf */ = {isa = PBXFileReference; lastKnownFileType = file; path = "SF-Pro-Text-Regular.otf"; sourceTree = "<group>"; };
		692B205A207DDB5100DC76E5 /* SF-Pro-Text-MediumItalic.otf */ = {isa = PBXFileReference; lastKnownFileType = file; path = "SF-Pro-Text-MediumItalic.otf"; sourceTree = "<group>"; };
		692B205B207DDB5100DC76E5 /* SF-Pro-Text-RegularItalic.otf */ = {isa = PBXFileReference; lastKnownFileType = file; path = "SF-Pro-Text-RegularItalic.otf"; sourceTree = "<group>"; };
		692B205C207DDB5100DC76E5 /* SF-Pro-Display-BlackItalic.otf */ = {isa = PBXFileReference; lastKnownFileType = file; path = "SF-Pro-Display-BlackItalic.otf"; sourceTree = "<group>"; };
		692B205D207DDB5100DC76E5 /* SF-Pro-Display-ThinItalic.otf */ = {isa = PBXFileReference; lastKnownFileType = file; path = "SF-Pro-Display-ThinItalic.otf"; sourceTree = "<group>"; };
		692B205E207DDB5200DC76E5 /* SF-Pro-Display-Semibold.otf */ = {isa = PBXFileReference; lastKnownFileType = file; path = "SF-Pro-Display-Semibold.otf"; sourceTree = "<group>"; };
		692B205F207DDB5200DC76E5 /* SF-Pro-Display-Ultralight.otf */ = {isa = PBXFileReference; lastKnownFileType = file; path = "SF-Pro-Display-Ultralight.otf"; sourceTree = "<group>"; };
		692B2060207DDB5200DC76E5 /* SF-Pro-Display-SemiboldItalic.otf */ = {isa = PBXFileReference; lastKnownFileType = file; path = "SF-Pro-Display-SemiboldItalic.otf"; sourceTree = "<group>"; };
		692B2061207DDB5200DC76E5 /* SF-Pro-Display-Heavy.otf */ = {isa = PBXFileReference; lastKnownFileType = file; path = "SF-Pro-Display-Heavy.otf"; sourceTree = "<group>"; };
		692B2062207DDB5200DC76E5 /* SF-Pro-Display-Medium.otf */ = {isa = PBXFileReference; lastKnownFileType = file; path = "SF-Pro-Display-Medium.otf"; sourceTree = "<group>"; };
		692B2063207DDB5300DC76E5 /* SF-Pro-Display-Light.otf */ = {isa = PBXFileReference; lastKnownFileType = file; path = "SF-Pro-Display-Light.otf"; sourceTree = "<group>"; };
		692B2064207DDB5300DC76E5 /* SF-Pro-Display-MediumItalic.otf */ = {isa = PBXFileReference; lastKnownFileType = file; path = "SF-Pro-Display-MediumItalic.otf"; sourceTree = "<group>"; };
		692B2065207DDB5300DC76E5 /* SF-Pro-Text-Light.otf */ = {isa = PBXFileReference; lastKnownFileType = file; path = "SF-Pro-Text-Light.otf"; sourceTree = "<group>"; };
		692B2066207DDB5300DC76E5 /* SF-Pro-Display-Black.otf */ = {isa = PBXFileReference; lastKnownFileType = file; path = "SF-Pro-Display-Black.otf"; sourceTree = "<group>"; };
		692B2067207DDB5300DC76E5 /* SF-Pro-Display-UltralightItalic.otf */ = {isa = PBXFileReference; lastKnownFileType = file; path = "SF-Pro-Display-UltralightItalic.otf"; sourceTree = "<group>"; };
		692B2068207DDB5300DC76E5 /* SF-Pro-Display-Regular.otf */ = {isa = PBXFileReference; lastKnownFileType = file; path = "SF-Pro-Display-Regular.otf"; sourceTree = "<group>"; };
		697A73B9208C1FC300A381E5 /* PopUpViewController.swift */ = {isa = PBXFileReference; lastKnownFileType = sourcecode.swift; path = PopUpViewController.swift; sourceTree = "<group>"; };
		69EA39282089678800D35764 /* SearchViewController.swift */ = {isa = PBXFileReference; lastKnownFileType = sourcecode.swift; path = SearchViewController.swift; sourceTree = "<group>"; };
		8126449791F28241EAC218A7 /* Pods-ImpulseProgrammingChallenge.release.xcconfig */ = {isa = PBXFileReference; includeInIndex = 1; lastKnownFileType = text.xcconfig; name = "Pods-ImpulseProgrammingChallenge.release.xcconfig"; path = "Pods/Target Support Files/Pods-ImpulseProgrammingChallenge/Pods-ImpulseProgrammingChallenge.release.xcconfig"; sourceTree = "<group>"; };
		A009837019FC6AA4B19187B8 /* Pods-ImpulseProgrammingChallenge.debug.xcconfig */ = {isa = PBXFileReference; includeInIndex = 1; lastKnownFileType = text.xcconfig; name = "Pods-ImpulseProgrammingChallenge.debug.xcconfig"; path = "Pods/Target Support Files/Pods-ImpulseProgrammingChallenge/Pods-ImpulseProgrammingChallenge.debug.xcconfig"; sourceTree = "<group>"; };
/* End PBXFileReference section */

/* Begin PBXFrameworksBuildPhase section */
		692B2033207DDB1400DC76E5 /* Frameworks */ = {
			isa = PBXFrameworksBuildPhase;
			buildActionMask = 2147483647;
			files = (
				62EB13345DDE237F443DDC88 /* Pods_ImpulseProgrammingChallenge.framework in Frameworks */,
			);
			runOnlyForDeploymentPostprocessing = 0;
		};
/* End PBXFrameworksBuildPhase section */

/* Begin PBXGroup section */
		51258EC48BA2B6D6A2CC77DD /* Pods */ = {
			isa = PBXGroup;
			children = (
				A009837019FC6AA4B19187B8 /* Pods-ImpulseProgrammingChallenge.debug.xcconfig */,
				8126449791F28241EAC218A7 /* Pods-ImpulseProgrammingChallenge.release.xcconfig */,
			);
			name = Pods;
			sourceTree = "<group>";
		};
		6647F14A2B4534AB49D3311A /* Frameworks */ = {
			isa = PBXGroup;
			children = (
				4E3AA119E4C7187FDF36FB55 /* Pods_ImpulseProgrammingChallenge.framework */,
			);
			name = Frameworks;
			sourceTree = "<group>";
		};
		692B202D207DDB1400DC76E5 = {
			isa = PBXGroup;
			children = (
				692B2038207DDB1400DC76E5 /* ImpulseProgrammingChallenge */,
				692B2037207DDB1400DC76E5 /* Products */,
				51258EC48BA2B6D6A2CC77DD /* Pods */,
				6647F14A2B4534AB49D3311A /* Frameworks */,
			);
			sourceTree = "<group>";
		};
		692B2037207DDB1400DC76E5 /* Products */ = {
			isa = PBXGroup;
			children = (
				692B2036207DDB1400DC76E5 /* ImpulseProgrammingChallenge.app */,
			);
			name = Products;
			sourceTree = "<group>";
		};
		692B2038207DDB1400DC76E5 /* ImpulseProgrammingChallenge */ = {
			isa = PBXGroup;
			children = (
				692B2039207DDB1400DC76E5 /* AppDelegate.swift */,
				692B203B207DDB1400DC76E5 /* ViewController.swift */,
				69EA39282089678800D35764 /* SearchViewController.swift */,
				697A73B9208C1FC300A381E5 /* PopUpViewController.swift */,
				692B203D207DDB1400DC76E5 /* Main.storyboard */,
				692B2042207DDB1500DC76E5 /* LaunchScreen.storyboard */,
				692B2069207DDB5C00DC76E5 /* SF-Pro */,
				692B2040207DDB1500DC76E5 /* Assets.xcassets */,
				692B2045207DDB1500DC76E5 /* Info.plist */,
			);
			path = ImpulseProgrammingChallenge;
			sourceTree = "<group>";
		};
		692B2069207DDB5C00DC76E5 /* SF-Pro */ = {
			isa = PBXGroup;
			children = (
				692B2066207DDB5300DC76E5 /* SF-Pro-Display-Black.otf */,
				692B205C207DDB5100DC76E5 /* SF-Pro-Display-BlackItalic.otf */,
				692B2052207DDB5000DC76E5 /* SF-Pro-Display-Bold.otf */,
				692B2054207DDB5000DC76E5 /* SF-Pro-Display-BoldItalic.otf */,
				692B2061207DDB5200DC76E5 /* SF-Pro-Display-Heavy.otf */,
				692B204C207DDB4F00DC76E5 /* SF-Pro-Display-HeavyItalic.otf */,
				692B2063207DDB5300DC76E5 /* SF-Pro-Display-Light.otf */,
				692B2051207DDB5000DC76E5 /* SF-Pro-Display-LightItalic.otf */,
				692B2062207DDB5200DC76E5 /* SF-Pro-Display-Medium.otf */,
				692B2064207DDB5300DC76E5 /* SF-Pro-Display-MediumItalic.otf */,
				692B2068207DDB5300DC76E5 /* SF-Pro-Display-Regular.otf */,
				692B2058207DDB5100DC76E5 /* SF-Pro-Display-RegularItalic.otf */,
				692B205E207DDB5200DC76E5 /* SF-Pro-Display-Semibold.otf */,
				692B2060207DDB5200DC76E5 /* SF-Pro-Display-SemiboldItalic.otf */,
				692B2055207DDB5000DC76E5 /* SF-Pro-Display-Thin.otf */,
				692B205D207DDB5100DC76E5 /* SF-Pro-Display-ThinItalic.otf */,
				692B205F207DDB5200DC76E5 /* SF-Pro-Display-Ultralight.otf */,
				692B2067207DDB5300DC76E5 /* SF-Pro-Display-UltralightItalic.otf */,
				692B204B207DDB4F00DC76E5 /* SF-Pro-Text-Bold.otf */,
				692B2053207DDB5000DC76E5 /* SF-Pro-Text-BoldItalic.otf */,
				692B204E207DDB4F00DC76E5 /* SF-Pro-Text-Heavy.otf */,
				692B2056207DDB5000DC76E5 /* SF-Pro-Text-HeavyItalic.otf */,
				692B2065207DDB5300DC76E5 /* SF-Pro-Text-Light.otf */,
				692B2057207DDB5100DC76E5 /* SF-Pro-Text-LightItalic.otf */,
				692B204D207DDB4F00DC76E5 /* SF-Pro-Text-Medium.otf */,
				692B205A207DDB5100DC76E5 /* SF-Pro-Text-MediumItalic.otf */,
				692B2059207DDB5100DC76E5 /* SF-Pro-Text-Regular.otf */,
				692B205B207DDB5100DC76E5 /* SF-Pro-Text-RegularItalic.otf */,
				692B204F207DDB4F00DC76E5 /* SF-Pro-Text-Semibold.otf */,
				692B2050207DDB4F00DC76E5 /* SF-Pro-Text-SemiboldItalic.otf */,
			);
			path = "SF-Pro";
			sourceTree = "<group>";
		};
/* End PBXGroup section */

/* Begin PBXNativeTarget section */
		692B2035207DDB1400DC76E5 /* ImpulseProgrammingChallenge */ = {
			isa = PBXNativeTarget;
			buildConfigurationList = 692B2048207DDB1500DC76E5 /* Build configuration list for PBXNativeTarget "ImpulseProgrammingChallenge" */;
			buildPhases = (
				F29CBF36ED2EF8F4A02FF68C /* [CP] Check Pods Manifest.lock */,
				692B2032207DDB1400DC76E5 /* Sources */,
				692B2033207DDB1400DC76E5 /* Frameworks */,
				692B2034207DDB1400DC76E5 /* Resources */,
				10417D7301127DD1DEA75F67 /* [CP] Copy Pods Resources */,
				789C8514660250FE02F0A4E9 /* [CP] Embed Pods Frameworks */,
			);
			buildRules = (
			);
			dependencies = (
			);
			name = ImpulseProgrammingChallenge;
			productName = ImpulseProgrammingChallenge;
			productReference = 692B2036207DDB1400DC76E5 /* ImpulseProgrammingChallenge.app */;
			productType = "com.apple.product-type.application";
		};
/* End PBXNativeTarget section */

/* Begin PBXProject section */
		692B202E207DDB1400DC76E5 /* Project object */ = {
			isa = PBXProject;
			attributes = {
				LastSwiftUpdateCheck = 0930;
				LastUpgradeCheck = 0930;
				ORGANIZATIONNAME = "Rohan Sharma";
				TargetAttributes = {
					692B2035207DDB1400DC76E5 = {
						CreatedOnToolsVersion = 9.3;
					};
				};
			};
			buildConfigurationList = 692B2031207DDB1400DC76E5 /* Build configuration list for PBXProject "ImpulseProgrammingChallenge" */;
			compatibilityVersion = "Xcode 9.3";
			developmentRegion = en;
			hasScannedForEncodings = 0;
			knownRegions = (
				en,
				Base,
			);
			mainGroup = 692B202D207DDB1400DC76E5;
			productRefGroup = 692B2037207DDB1400DC76E5 /* Products */;
			projectDirPath = "";
			projectRoot = "";
			targets = (
				692B2035207DDB1400DC76E5 /* ImpulseProgrammingChallenge */,
			);
		};
/* End PBXProject section */

/* Begin PBXResourcesBuildPhase section */
		692B2034207DDB1400DC76E5 /* Resources */ = {
			isa = PBXResourcesBuildPhase;
			buildActionMask = 2147483647;
			files = (
				692B206A207DDB6E00DC76E5 /* SF-Pro-Display-Black.otf in Resources */,
				692B206B207DDB6E00DC76E5 /* SF-Pro-Display-BlackItalic.otf in Resources */,
				692B206C207DDB6E00DC76E5 /* SF-Pro-Display-Bold.otf in Resources */,
				692B206D207DDB6E00DC76E5 /* SF-Pro-Display-BoldItalic.otf in Resources */,
				692B206E207DDB6E00DC76E5 /* SF-Pro-Display-Heavy.otf in Resources */,
				692B206F207DDB6E00DC76E5 /* SF-Pro-Display-HeavyItalic.otf in Resources */,
				692B2070207DDB6E00DC76E5 /* SF-Pro-Display-Light.otf in Resources */,
				692B2071207DDB6E00DC76E5 /* SF-Pro-Display-LightItalic.otf in Resources */,
				692B2072207DDB6E00DC76E5 /* SF-Pro-Display-Medium.otf in Resources */,
				692B2073207DDB6E00DC76E5 /* SF-Pro-Display-MediumItalic.otf in Resources */,
				692B2074207DDB6E00DC76E5 /* SF-Pro-Display-Regular.otf in Resources */,
				692B2075207DDB6E00DC76E5 /* SF-Pro-Display-RegularItalic.otf in Resources */,
				692B2076207DDB6E00DC76E5 /* SF-Pro-Display-Semibold.otf in Resources */,
				692B2077207DDB6E00DC76E5 /* SF-Pro-Display-SemiboldItalic.otf in Resources */,
				692B2078207DDB6E00DC76E5 /* SF-Pro-Display-Thin.otf in Resources */,
				692B2079207DDB6E00DC76E5 /* SF-Pro-Display-ThinItalic.otf in Resources */,
				692B207A207DDB6E00DC76E5 /* SF-Pro-Display-Ultralight.otf in Resources */,
				692B207B207DDB6E00DC76E5 /* SF-Pro-Display-UltralightItalic.otf in Resources */,
				692B207C207DDB6E00DC76E5 /* SF-Pro-Text-Bold.otf in Resources */,
				692B207D207DDB6E00DC76E5 /* SF-Pro-Text-BoldItalic.otf in Resources */,
				692B207E207DDB6E00DC76E5 /* SF-Pro-Text-Heavy.otf in Resources */,
				692B207F207DDB6E00DC76E5 /* SF-Pro-Text-HeavyItalic.otf in Resources */,
				692B2080207DDB6E00DC76E5 /* SF-Pro-Text-Light.otf in Resources */,
				692B2081207DDB6E00DC76E5 /* SF-Pro-Text-LightItalic.otf in Resources */,
				692B2082207DDB6E00DC76E5 /* SF-Pro-Text-Medium.otf in Resources */,
				692B2083207DDB6E00DC76E5 /* SF-Pro-Text-MediumItalic.otf in Resources */,
				692B2084207DDB6E00DC76E5 /* SF-Pro-Text-Regular.otf in Resources */,
				692B2085207DDB6E00DC76E5 /* SF-Pro-Text-RegularItalic.otf in Resources */,
				692B2086207DDB6E00DC76E5 /* SF-Pro-Text-Semibold.otf in Resources */,
				692B2087207DDB6E00DC76E5 /* SF-Pro-Text-SemiboldItalic.otf in Resources */,
				692B2044207DDB1500DC76E5 /* LaunchScreen.storyboard in Resources */,
				692B2041207DDB1500DC76E5 /* Assets.xcassets in Resources */,
				692B203F207DDB1400DC76E5 /* Main.storyboard in Resources */,
			);
			runOnlyForDeploymentPostprocessing = 0;
		};
/* End PBXResourcesBuildPhase section */

/* Begin PBXShellScriptBuildPhase section */
		10417D7301127DD1DEA75F67 /* [CP] Copy Pods Resources */ = {
			isa = PBXShellScriptBuildPhase;
			buildActionMask = 2147483647;
			files = (
			);
			inputPaths = (
				"${SRCROOT}/Pods/Target Support Files/Pods-ImpulseProgrammingChallenge/Pods-ImpulseProgrammingChallenge-resources.sh",
				"${PODS_ROOT}/GoogleMaps/Maps/Frameworks/GoogleMaps.framework/Resources/GoogleMaps.bundle",
				"${PODS_ROOT}/GooglePlacePicker/Frameworks/GooglePlacePicker.framework/Resources/GooglePlacePicker.bundle",
				"${PODS_ROOT}/GooglePlaces/Frameworks/GooglePlaces.framework/Resources/GooglePlaces.bundle",
			);
			name = "[CP] Copy Pods Resources";
			outputPaths = (
				"${TARGET_BUILD_DIR}/${UNLOCALIZED_RESOURCES_FOLDER_PATH}/GoogleMaps.bundle",
				"${TARGET_BUILD_DIR}/${UNLOCALIZED_RESOURCES_FOLDER_PATH}/GooglePlacePicker.bundle",
				"${TARGET_BUILD_DIR}/${UNLOCALIZED_RESOURCES_FOLDER_PATH}/GooglePlaces.bundle",
			);
			runOnlyForDeploymentPostprocessing = 0;
			shellPath = /bin/sh;
			shellScript = "\"${SRCROOT}/Pods/Target Support Files/Pods-ImpulseProgrammingChallenge/Pods-ImpulseProgrammingChallenge-resources.sh\"\n";
			showEnvVarsInLog = 0;
		};
		789C8514660250FE02F0A4E9 /* [CP] Embed Pods Frameworks */ = {
			isa = PBXShellScriptBuildPhase;
			buildActionMask = 2147483647;
			files = (
			);
			inputPaths = (
				"${SRCROOT}/Pods/Target Support Files/Pods-ImpulseProgrammingChallenge/Pods-ImpulseProgrammingChallenge-frameworks.sh",
				"${BUILT_PRODUCTS_DIR}/ReachabilitySwift/Reachability.framework",
			);
			name = "[CP] Embed Pods Frameworks";
			outputPaths = (
				"${TARGET_BUILD_DIR}/${FRAMEWORKS_FOLDER_PATH}/Reachability.framework",
			);
			runOnlyForDeploymentPostprocessing = 0;
			shellPath = /bin/sh;
			shellScript = "\"${SRCROOT}/Pods/Target Support Files/Pods-ImpulseProgrammingChallenge/Pods-ImpulseProgrammingChallenge-frameworks.sh\"\n";
			showEnvVarsInLog = 0;
		};
		F29CBF36ED2EF8F4A02FF68C /* [CP] Check Pods Manifest.lock */ = {
			isa = PBXShellScriptBuildPhase;
			buildActionMask = 2147483647;
			files = (
			);
			inputPaths = (
				"${PODS_PODFILE_DIR_PATH}/Podfile.lock",
				"${PODS_ROOT}/Manifest.lock",
			);
			name = "[CP] Check Pods Manifest.lock";
			outputPaths = (
				"$(DERIVED_FILE_DIR)/Pods-ImpulseProgrammingChallenge-checkManifestLockResult.txt",
			);
			runOnlyForDeploymentPostprocessing = 0;
			shellPath = /bin/sh;
			shellScript = "diff \"${PODS_PODFILE_DIR_PATH}/Podfile.lock\" \"${PODS_ROOT}/Manifest.lock\" > /dev/null\nif [ $? != 0 ] ; then\n    # print error to STDERR\n    echo \"error: The sandbox is not in sync with the Podfile.lock. Run 'pod install' or update your CocoaPods installation.\" >&2\n    exit 1\nfi\n# This output is used by Xcode 'outputs' to avoid re-running this script phase.\necho \"SUCCESS\" > \"${SCRIPT_OUTPUT_FILE_0}\"\n";
			showEnvVarsInLog = 0;
		};
/* End PBXShellScriptBuildPhase section */

/* Begin PBXSourcesBuildPhase section */
		692B2032207DDB1400DC76E5 /* Sources */ = {
			isa = PBXSourcesBuildPhase;
			buildActionMask = 2147483647;
			files = (
				69EA39292089678800D35764 /* SearchViewController.swift in Sources */,
				692B203C207DDB1400DC76E5 /* ViewController.swift in Sources */,
				692B203A207DDB1400DC76E5 /* AppDelegate.swift in Sources */,
				697A73BA208C1FC300A381E5 /* PopUpViewController.swift in Sources */,
			);
			runOnlyForDeploymentPostprocessing = 0;
		};
/* End PBXSourcesBuildPhase section */

/* Begin PBXVariantGroup section */
		692B203D207DDB1400DC76E5 /* Main.storyboard */ = {
			isa = PBXVariantGroup;
			children = (
				692B203E207DDB1400DC76E5 /* Base */,
			);
			name = Main.storyboard;
			sourceTree = "<group>";
		};
		692B2042207DDB1500DC76E5 /* LaunchScreen.storyboard */ = {
			isa = PBXVariantGroup;
			children = (
				692B2043207DDB1500DC76E5 /* Base */,
			);
			name = LaunchScreen.storyboard;
			sourceTree = "<group>";
		};
/* End PBXVariantGroup section */

/* Begin XCBuildConfiguration section */
		692B2046207DDB1500DC76E5 /* Debug */ = {
			isa = XCBuildConfiguration;
			buildSettings = {
				ALWAYS_SEARCH_USER_PATHS = NO;
				CLANG_ANALYZER_NONNULL = YES;
				CLANG_ANALYZER_NUMBER_OBJECT_CONVERSION = YES_AGGRESSIVE;
				CLANG_CXX_LANGUAGE_STANDARD = "gnu++14";
				CLANG_CXX_LIBRARY = "libc++";
				CLANG_ENABLE_MODULES = YES;
				CLANG_ENABLE_OBJC_ARC = YES;
				CLANG_ENABLE_OBJC_WEAK = YES;
				CLANG_WARN_BLOCK_CAPTURE_AUTORELEASING = YES;
				CLANG_WARN_BOOL_CONVERSION = YES;
				CLANG_WARN_COMMA = YES;
				CLANG_WARN_CONSTANT_CONVERSION = YES;
				CLANG_WARN_DEPRECATED_OBJC_IMPLEMENTATIONS = YES;
				CLANG_WARN_DIRECT_OBJC_ISA_USAGE = YES_ERROR;
				CLANG_WARN_DOCUMENTATION_COMMENTS = YES;
				CLANG_WARN_EMPTY_BODY = YES;
				CLANG_WARN_ENUM_CONVERSION = YES;
				CLANG_WARN_INFINITE_RECURSION = YES;
				CLANG_WARN_INT_CONVERSION = YES;
				CLANG_WARN_NON_LITERAL_NULL_CONVERSION = YES;
				CLANG_WARN_OBJC_IMPLICIT_RETAIN_SELF = YES;
				CLANG_WARN_OBJC_LITERAL_CONVERSION = YES;
				CLANG_WARN_OBJC_ROOT_CLASS = YES_ERROR;
				CLANG_WARN_RANGE_LOOP_ANALYSIS = YES;
				CLANG_WARN_STRICT_PROTOTYPES = YES;
				CLANG_WARN_SUSPICIOUS_MOVE = YES;
				CLANG_WARN_UNGUARDED_AVAILABILITY = YES_AGGRESSIVE;
				CLANG_WARN_UNREACHABLE_CODE = YES;
				CLANG_WARN__DUPLICATE_METHOD_MATCH = YES;
				CODE_SIGN_IDENTITY = "iPhone Developer";
				COPY_PHASE_STRIP = NO;
				DEBUG_INFORMATION_FORMAT = dwarf;
				ENABLE_STRICT_OBJC_MSGSEND = YES;
				ENABLE_TESTABILITY = YES;
				GCC_C_LANGUAGE_STANDARD = gnu11;
				GCC_DYNAMIC_NO_PIC = NO;
				GCC_NO_COMMON_BLOCKS = YES;
				GCC_OPTIMIZATION_LEVEL = 0;
				GCC_PREPROCESSOR_DEFINITIONS = (
					"DEBUG=1",
					"$(inherited)",
				);
				GCC_WARN_64_TO_32_BIT_CONVERSION = YES;
				GCC_WARN_ABOUT_RETURN_TYPE = YES_ERROR;
				GCC_WARN_UNDECLARED_SELECTOR = YES;
				GCC_WARN_UNINITIALIZED_AUTOS = YES_AGGRESSIVE;
				GCC_WARN_UNUSED_FUNCTION = YES;
				GCC_WARN_UNUSED_VARIABLE = YES;
				IPHONEOS_DEPLOYMENT_TARGET = 11.3;
				MTL_ENABLE_DEBUG_INFO = YES;
				ONLY_ACTIVE_ARCH = YES;
				SDKROOT = iphoneos;
				SWIFT_ACTIVE_COMPILATION_CONDITIONS = DEBUG;
				SWIFT_OPTIMIZATION_LEVEL = "-Onone";
			};
			name = Debug;
		};
		692B2047207DDB1500DC76E5 /* Release */ = {
			isa = XCBuildConfiguration;
			buildSettings = {
				ALWAYS_SEARCH_USER_PATHS = NO;
				CLANG_ANALYZER_NONNULL = YES;
				CLANG_ANALYZER_NUMBER_OBJECT_CONVERSION = YES_AGGRESSIVE;
				CLANG_CXX_LANGUAGE_STANDARD = "gnu++14";
				CLANG_CXX_LIBRARY = "libc++";
				CLANG_ENABLE_MODULES = YES;
				CLANG_ENABLE_OBJC_ARC = YES;
				CLANG_ENABLE_OBJC_WEAK = YES;
				CLANG_WARN_BLOCK_CAPTURE_AUTORELEASING = YES;
				CLANG_WARN_BOOL_CONVERSION = YES;
				CLANG_WARN_COMMA = YES;
				CLANG_WARN_CONSTANT_CONVERSION = YES;
				CLANG_WARN_DEPRECATED_OBJC_IMPLEMENTATIONS = YES;
				CLANG_WARN_DIRECT_OBJC_ISA_USAGE = YES_ERROR;
				CLANG_WARN_DOCUMENTATION_COMMENTS = YES;
				CLANG_WARN_EMPTY_BODY = YES;
				CLANG_WARN_ENUM_CONVERSION = YES;
				CLANG_WARN_INFINITE_RECURSION = YES;
				CLANG_WARN_INT_CONVERSION = YES;
				CLANG_WARN_NON_LITERAL_NULL_CONVERSION = YES;
				CLANG_WARN_OBJC_IMPLICIT_RETAIN_SELF = YES;
				CLANG_WARN_OBJC_LITERAL_CONVERSION = YES;
				CLANG_WARN_OBJC_ROOT_CLASS = YES_ERROR;
				CLANG_WARN_RANGE_LOOP_ANALYSIS = YES;
				CLANG_WARN_STRICT_PROTOTYPES = YES;
				CLANG_WARN_SUSPICIOUS_MOVE = YES;
				CLANG_WARN_UNGUARDED_AVAILABILITY = YES_AGGRESSIVE;
				CLANG_WARN_UNREACHABLE_CODE = YES;
				CLANG_WARN__DUPLICATE_METHOD_MATCH = YES;
				CODE_SIGN_IDENTITY = "iPhone Developer";
				COPY_PHASE_STRIP = NO;
				DEBUG_INFORMATION_FORMAT = "dwarf-with-dsym";
				ENABLE_NS_ASSERTIONS = NO;
				ENABLE_STRICT_OBJC_MSGSEND = YES;
				GCC_C_LANGUAGE_STANDARD = gnu11;
				GCC_NO_COMMON_BLOCKS = YES;
				GCC_WARN_64_TO_32_BIT_CONVERSION = YES;
				GCC_WARN_ABOUT_RETURN_TYPE = YES_ERROR;
				GCC_WARN_UNDECLARED_SELECTOR = YES;
				GCC_WARN_UNINITIALIZED_AUTOS = YES_AGGRESSIVE;
				GCC_WARN_UNUSED_FUNCTION = YES;
				GCC_WARN_UNUSED_VARIABLE = YES;
				IPHONEOS_DEPLOYMENT_TARGET = 11.3;
				MTL_ENABLE_DEBUG_INFO = NO;
				SDKROOT = iphoneos;
				SWIFT_COMPILATION_MODE = wholemodule;
				SWIFT_OPTIMIZATION_LEVEL = "-O";
				VALIDATE_PRODUCT = YES;
			};
			name = Release;
		};
		692B2049207DDB1500DC76E5 /* Debug */ = {
			isa = XCBuildConfiguration;
			baseConfigurationReference = A009837019FC6AA4B19187B8 /* Pods-ImpulseProgrammingChallenge.debug.xcconfig */;
			buildSettings = {
				ASSETCATALOG_COMPILER_APPICON_NAME = AppIcon;
				CODE_SIGN_STYLE = Automatic;
				DEVELOPMENT_TEAM = W3TQD9VLAQ;
				INFOPLIST_FILE = ImpulseProgrammingChallenge/Info.plist;
				LD_RUNPATH_SEARCH_PATHS = (
					"$(inherited)",
					"@executable_path/Frameworks",
				);
				PRODUCT_BUNDLE_IDENTIFIER = ImpulseProgrammingChallenge;
				PRODUCT_NAME = "$(TARGET_NAME)";
				SWIFT_VERSION = 4.0;
				TARGETED_DEVICE_FAMILY = "1,2";
			};
			name = Debug;
		};
		692B204A207DDB1500DC76E5 /* Release */ = {
			isa = XCBuildConfiguration;
			baseConfigurationReference = 8126449791F28241EAC218A7 /* Pods-ImpulseProgrammingChallenge.release.xcconfig */;
			buildSettings = {
				ASSETCATALOG_COMPILER_APPICON_NAME = AppIcon;
				CODE_SIGN_STYLE = Automatic;
				DEVELOPMENT_TEAM = W3TQD9VLAQ;
				INFOPLIST_FILE = ImpulseProgrammingChallenge/Info.plist;
				LD_RUNPATH_SEARCH_PATHS = (
					"$(inherited)",
					"@executable_path/Frameworks",
				);
				PRODUCT_BUNDLE_IDENTIFIER = ImpulseProgrammingChallenge;
				PRODUCT_NAME = "$(TARGET_NAME)";
				SWIFT_VERSION = 4.0;
				TARGETED_DEVICE_FAMILY = "1,2";
			};
			name = Release;
		};
/* End XCBuildConfiguration section */

/* Begin XCConfigurationList section */
		692B2031207DDB1400DC76E5 /* Build configuration list for PBXProject "ImpulseProgrammingChallenge" */ = {
			isa = XCConfigurationList;
			buildConfigurations = (
				692B2046207DDB1500DC76E5 /* Debug */,
				692B2047207DDB1500DC76E5 /* Release */,
			);
			defaultConfigurationIsVisible = 0;
			defaultConfigurationName = Release;
		};
		692B2048207DDB1500DC76E5 /* Build configuration list for PBXNativeTarget "ImpulseProgrammingChallenge" */ = {
			isa = XCConfigurationList;
			buildConfigurations = (
				692B2049207DDB1500DC76E5 /* Debug */,
				692B204A207DDB1500DC76E5 /* Release */,
			);
			defaultConfigurationIsVisible = 0;
			defaultConfigurationName = Release;
		};
/* End XCConfigurationList section */
	};
	rootObject = 692B202E207DDB1400DC76E5 /* Project object */;
}
